// !$*UTF8*$!
{
	archiveVersion = 1;
	classes = {
	};
	objectVersion = 50;
	objects = {

/* Begin PBXBuildFile section */
		3828C5AD53E9CE8390F797E7 /* Pods_SwiftHeroesDemo.framework in Frameworks */ = {isa = PBXBuildFile; fileRef = C012D2418E8B6CDE1AB554FC /* Pods_SwiftHeroesDemo.framework */; };
		700A444F218F49EA008BCA98 /* MapViewController.swift in Sources */ = {isa = PBXBuildFile; fileRef = 700A444E218F49EA008BCA98 /* MapViewController.swift */; };
		700A4453218F53AC008BCA98 /* RxExtensions.swift in Sources */ = {isa = PBXBuildFile; fileRef = 700A4452218F53AC008BCA98 /* RxExtensions.swift */; };
		70B9ABE4218B63DF004ABE3A /* AppDelegate.swift in Sources */ = {isa = PBXBuildFile; fileRef = 70B9ABE3218B63DF004ABE3A /* AppDelegate.swift */; };
		70B9ABE6218B63DF004ABE3A /* TimerViewController.swift in Sources */ = {isa = PBXBuildFile; fileRef = 70B9ABE5218B63DF004ABE3A /* TimerViewController.swift */; };
		70B9ABE9218B63DF004ABE3A /* Main.storyboard in Resources */ = {isa = PBXBuildFile; fileRef = 70B9ABE7218B63DF004ABE3A /* Main.storyboard */; };
		70B9ABEB218B63E0004ABE3A /* Assets.xcassets in Resources */ = {isa = PBXBuildFile; fileRef = 70B9ABEA218B63E0004ABE3A /* Assets.xcassets */; };
		70B9ABEE218B63E0004ABE3A /* LaunchScreen.storyboard in Resources */ = {isa = PBXBuildFile; fileRef = 70B9ABEC218B63E0004ABE3A /* LaunchScreen.storyboard */; };
		70B9ABF6218B6D42004ABE3A /* ParallaxViewController.swift in Sources */ = {isa = PBXBuildFile; fileRef = 70B9ABF5218B6D42004ABE3A /* ParallaxViewController.swift */; };
		70B9ABF8218B7220004ABE3A /* CarouselViewController.swift in Sources */ = {isa = PBXBuildFile; fileRef = 70B9ABF7218B7220004ABE3A /* CarouselViewController.swift */; };
/* End PBXBuildFile section */

/* Begin PBXFileReference section */
		700A444E218F49EA008BCA98 /* MapViewController.swift */ = {isa = PBXFileReference; lastKnownFileType = sourcecode.swift; path = MapViewController.swift; sourceTree = "<group>"; };
		700A4452218F53AC008BCA98 /* RxExtensions.swift */ = {isa = PBXFileReference; lastKnownFileType = sourcecode.swift; path = RxExtensions.swift; sourceTree = "<group>"; };
		70B9ABE0218B63DF004ABE3A /* SwiftHeroesDemo.app */ = {isa = PBXFileReference; explicitFileType = wrapper.application; includeInIndex = 0; path = SwiftHeroesDemo.app; sourceTree = BUILT_PRODUCTS_DIR; };
		70B9ABE3218B63DF004ABE3A /* AppDelegate.swift */ = {isa = PBXFileReference; lastKnownFileType = sourcecode.swift; path = AppDelegate.swift; sourceTree = "<group>"; };
		70B9ABE5218B63DF004ABE3A /* TimerViewController.swift */ = {isa = PBXFileReference; lastKnownFileType = sourcecode.swift; path = TimerViewController.swift; sourceTree = "<group>"; };
		70B9ABE8218B63DF004ABE3A /* Base */ = {isa = PBXFileReference; lastKnownFileType = file.storyboard; name = Base; path = Base.lproj/Main.storyboard; sourceTree = "<group>"; };
		70B9ABEA218B63E0004ABE3A /* Assets.xcassets */ = {isa = PBXFileReference; lastKnownFileType = folder.assetcatalog; path = Assets.xcassets; sourceTree = "<group>"; };
		70B9ABED218B63E0004ABE3A /* Base */ = {isa = PBXFileReference; lastKnownFileType = file.storyboard; name = Base; path = Base.lproj/LaunchScreen.storyboard; sourceTree = "<group>"; };
		70B9ABEF218B63E0004ABE3A /* Info.plist */ = {isa = PBXFileReference; lastKnownFileType = text.plist.xml; path = Info.plist; sourceTree = "<group>"; };
		70B9ABF5218B6D42004ABE3A /* ParallaxViewController.swift */ = {isa = PBXFileReference; lastKnownFileType = sourcecode.swift; path = ParallaxViewController.swift; sourceTree = "<group>"; };
		70B9ABF7218B7220004ABE3A /* CarouselViewController.swift */ = {isa = PBXFileReference; lastKnownFileType = sourcecode.swift; path = CarouselViewController.swift; sourceTree = "<group>"; };
		AC04796FA56F77EFD12829BB /* Pods-SwiftHeroesDemo.debug.xcconfig */ = {isa = PBXFileReference; includeInIndex = 1; lastKnownFileType = text.xcconfig; name = "Pods-SwiftHeroesDemo.debug.xcconfig"; path = "Pods/Target Support Files/Pods-SwiftHeroesDemo/Pods-SwiftHeroesDemo.debug.xcconfig"; sourceTree = "<group>"; };
		C012D2418E8B6CDE1AB554FC /* Pods_SwiftHeroesDemo.framework */ = {isa = PBXFileReference; explicitFileType = wrapper.framework; includeInIndex = 0; path = Pods_SwiftHeroesDemo.framework; sourceTree = BUILT_PRODUCTS_DIR; };
		E7F2D75E7D4665E801CE1114 /* Pods-SwiftHeroesDemo.release.xcconfig */ = {isa = PBXFileReference; includeInIndex = 1; lastKnownFileType = text.xcconfig; name = "Pods-SwiftHeroesDemo.release.xcconfig"; path = "Pods/Target Support Files/Pods-SwiftHeroesDemo/Pods-SwiftHeroesDemo.release.xcconfig"; sourceTree = "<group>"; };
/* End PBXFileReference section */

/* Begin PBXFrameworksBuildPhase section */
		70B9ABDD218B63DF004ABE3A /* Frameworks */ = {
			isa = PBXFrameworksBuildPhase;
			buildActionMask = 2147483647;
			files = (
				3828C5AD53E9CE8390F797E7 /* Pods_SwiftHeroesDemo.framework in Frameworks */,
			);
			runOnlyForDeploymentPostprocessing = 0;
		};
/* End PBXFrameworksBuildPhase section */

/* Begin PBXGroup section */
		70B9ABD7218B63DE004ABE3A = {
			isa = PBXGroup;
			children = (
				70B9ABE2218B63DF004ABE3A /* SwiftHeroesDemo */,
				70B9ABE1218B63DF004ABE3A /* Products */,
				D3F9C51916FEB184D782AA9C /* Pods */,
				D0F244C031C2ADBB9C9B905B /* Frameworks */,
			);
			sourceTree = "<group>";
		};
		70B9ABE1218B63DF004ABE3A /* Products */ = {
			isa = PBXGroup;
			children = (
				70B9ABE0218B63DF004ABE3A /* SwiftHeroesDemo.app */,
			);
			name = Products;
			sourceTree = "<group>";
		};
		70B9ABE2218B63DF004ABE3A /* SwiftHeroesDemo */ = {
			isa = PBXGroup;
			children = (
				70B9ABE3218B63DF004ABE3A /* AppDelegate.swift */,
				700A4452218F53AC008BCA98 /* RxExtensions.swift */,
				70B9ABE5218B63DF004ABE3A /* TimerViewController.swift */,
				70B9ABF5218B6D42004ABE3A /* ParallaxViewController.swift */,
				70B9ABF7218B7220004ABE3A /* CarouselViewController.swift */,
				700A444E218F49EA008BCA98 /* MapViewController.swift */,
				70B9ABE7218B63DF004ABE3A /* Main.storyboard */,
				70B9ABEA218B63E0004ABE3A /* Assets.xcassets */,
				70B9ABEC218B63E0004ABE3A /* LaunchScreen.storyboard */,
				70B9ABEF218B63E0004ABE3A /* Info.plist */,
			);
			path = SwiftHeroesDemo;
			sourceTree = "<group>";
		};
		D0F244C031C2ADBB9C9B905B /* Frameworks */ = {
			isa = PBXGroup;
			children = (
				C012D2418E8B6CDE1AB554FC /* Pods_SwiftHeroesDemo.framework */,
			);
			name = Frameworks;
			sourceTree = "<group>";
		};
		D3F9C51916FEB184D782AA9C /* Pods */ = {
			isa = PBXGroup;
			children = (
				AC04796FA56F77EFD12829BB /* Pods-SwiftHeroesDemo.debug.xcconfig */,
				E7F2D75E7D4665E801CE1114 /* Pods-SwiftHeroesDemo.release.xcconfig */,
			);
			name = Pods;
			sourceTree = "<group>";
		};
/* End PBXGroup section */

/* Begin PBXNativeTarget section */
		70B9ABDF218B63DF004ABE3A /* SwiftHeroesDemo */ = {
			isa = PBXNativeTarget;
			buildConfigurationList = 70B9ABF2218B63E0004ABE3A /* Build configuration list for PBXNativeTarget "SwiftHeroesDemo" */;
			buildPhases = (
				3290785F72856CB3BE5B6A96 /* [CP] Check Pods Manifest.lock */,
				70B9ABDC218B63DF004ABE3A /* Sources */,
				70B9ABDD218B63DF004ABE3A /* Frameworks */,
				70B9ABDE218B63DF004ABE3A /* Resources */,
				DB940917FDD2DC93BD4B01AF /* [CP] Embed Pods Frameworks */,
			);
			buildRules = (
			);
			dependencies = (
			);
			name = SwiftHeroesDemo;
			productName = SwiftHeroesDemo;
			productReference = 70B9ABE0218B63DF004ABE3A /* SwiftHeroesDemo.app */;
			productType = "com.apple.product-type.application";
		};
/* End PBXNativeTarget section */

/* Begin PBXProject section */
		70B9ABD8218B63DE004ABE3A /* Project object */ = {
			isa = PBXProject;
			attributes = {
				LastSwiftUpdateCheck = 1010;
				LastUpgradeCheck = 1010;
				ORGANIZATIONNAME = Synesthesia;
				TargetAttributes = {
					70B9ABDF218B63DF004ABE3A = {
						CreatedOnToolsVersion = 10.1;
					};
				};
			};
			buildConfigurationList = 70B9ABDB218B63DE004ABE3A /* Build configuration list for PBXProject "SwiftHeroesDemo" */;
			compatibilityVersion = "Xcode 9.3";
			developmentRegion = en;
			hasScannedForEncodings = 0;
			knownRegions = (
				en,
				Base,
			);
			mainGroup = 70B9ABD7218B63DE004ABE3A;
			productRefGroup = 70B9ABE1218B63DF004ABE3A /* Products */;
			projectDirPath = "";
			projectRoot = "";
			targets = (
				70B9ABDF218B63DF004ABE3A /* SwiftHeroesDemo */,
			);
		};
/* End PBXProject section */

/* Begin PBXResourcesBuildPhase section */
		70B9ABDE218B63DF004ABE3A /* Resources */ = {
			isa = PBXResourcesBuildPhase;
			buildActionMask = 2147483647;
			files = (
				70B9ABEE218B63E0004ABE3A /* LaunchScreen.storyboard in Resources */,
				70B9ABEB218B63E0004ABE3A /* Assets.xcassets in Resources */,
				70B9ABE9218B63DF004ABE3A /* Main.storyboard in Resources */,
			);
			runOnlyForDeploymentPostprocessing = 0;
		};
/* End PBXResourcesBuildPhase section */

/* Begin PBXShellScriptBuildPhase section */
		3290785F72856CB3BE5B6A96 /* [CP] Check Pods Manifest.lock */ = {
			isa = PBXShellScriptBuildPhase;
			buildActionMask = 2147483647;
			files = (
			);
			inputFileListPaths = (
			);
			inputPaths = (
				"${PODS_PODFILE_DIR_PATH}/Podfile.lock",
				"${PODS_ROOT}/Manifest.lock",
			);
			name = "[CP] Check Pods Manifest.lock";
			outputFileListPaths = (
			);
			outputPaths = (
				"$(DERIVED_FILE_DIR)/Pods-SwiftHeroesDemo-checkManifestLockResult.txt",
			);
			runOnlyForDeploymentPostprocessing = 0;
			shellPath = /bin/sh;
			shellScript = "diff \"${PODS_PODFILE_DIR_PATH}/Podfile.lock\" \"${PODS_ROOT}/Manifest.lock\" > /dev/null\nif [ $? != 0 ] ; then\n    # print error to STDERR\n    echo \"error: The sandbox is not in sync with the Podfile.lock. Run 'pod install' or update your CocoaPods installation.\" >&2\n    exit 1\nfi\n# This output is used by Xcode 'outputs' to avoid re-running this script phase.\necho \"SUCCESS\" > \"${SCRIPT_OUTPUT_FILE_0}\"\n";
			showEnvVarsInLog = 0;
		};
		DB940917FDD2DC93BD4B01AF /* [CP] Embed Pods Frameworks */ = {
			isa = PBXShellScriptBuildPhase;
			buildActionMask = 2147483647;
			files = (
			);
			inputFileListPaths = (
			);
			inputPaths = (
				"${SRCROOT}/Pods/Target Support Files/Pods-SwiftHeroesDemo/Pods-SwiftHeroesDemo-frameworks.sh",
				"${BUILT_PRODUCTS_DIR}/RxCocoa/RxCocoa.framework",
				"${BUILT_PRODUCTS_DIR}/RxSwift/RxSwift.framework",
			);
			name = "[CP] Embed Pods Frameworks";
			outputFileListPaths = (
			);
			outputPaths = (
				"${TARGET_BUILD_DIR}/${FRAMEWORKS_FOLDER_PATH}/RxCocoa.framework",
				"${TARGET_BUILD_DIR}/${FRAMEWORKS_FOLDER_PATH}/RxSwift.framework",
			);
			runOnlyForDeploymentPostprocessing = 0;
			shellPath = /bin/sh;
			shellScript = "\"${SRCROOT}/Pods/Target Support Files/Pods-SwiftHeroesDemo/Pods-SwiftHeroesDemo-frameworks.sh\"\n";
			showEnvVarsInLog = 0;
		};
/* End PBXShellScriptBuildPhase section */

/* Begin PBXSourcesBuildPhase section */
		70B9ABDC218B63DF004ABE3A /* Sources */ = {
			isa = PBXSourcesBuildPhase;
			buildActionMask = 2147483647;
			files = (
				700A444F218F49EA008BCA98 /* MapViewController.swift in Sources */,
				700A4453218F53AC008BCA98 /* RxExtensions.swift in Sources */,
				70B9ABF6218B6D42004ABE3A /* ParallaxViewController.swift in Sources */,
				70B9ABF8218B7220004ABE3A /* CarouselViewController.swift in Sources */,
				70B9ABE6218B63DF004ABE3A /* TimerViewController.swift in Sources */,
				70B9ABE4218B63DF004ABE3A /* AppDelegate.swift in Sources */,
			);
			runOnlyForDeploymentPostprocessing = 0;
		};
/* End PBXSourcesBuildPhase section */

/* Begin PBXVariantGroup section */
		70B9ABE7218B63DF004ABE3A /* Main.storyboard */ = {
			isa = PBXVariantGroup;
			children = (
				70B9ABE8218B63DF004ABE3A /* Base */,
			);
			name = Main.storyboard;
			sourceTree = "<group>";
		};
		70B9ABEC218B63E0004ABE3A /* LaunchScreen.storyboard */ = {
			isa = PBXVariantGroup;
			children = (
				70B9ABED218B63E0004ABE3A /* Base */,
			);
			name = LaunchScreen.storyboard;
			sourceTree = "<group>";
		};
/* End PBXVariantGroup section */

/* Begin XCBuildConfiguration section */
		70B9ABF0218B63E0004ABE3A /* Debug */ = {
			isa = XCBuildConfiguration;
			buildSettings = {
				ALWAYS_SEARCH_USER_PATHS = NO;
				CLANG_ANALYZER_NONNULL = YES;
				CLANG_ANALYZER_NUMBER_OBJECT_CONVERSION = YES_AGGRESSIVE;
				CLANG_CXX_LANGUAGE_STANDARD = "gnu++14";
				CLANG_CXX_LIBRARY = "libc++";
				CLANG_ENABLE_MODULES = YES;
				CLANG_ENABLE_OBJC_ARC = YES;
				CLANG_ENABLE_OBJC_WEAK = YES;
				CLANG_WARN_BLOCK_CAPTURE_AUTORELEASING = YES;
				CLANG_WARN_BOOL_CONVERSION = YES;
				CLANG_WARN_COMMA = YES;
				CLANG_WARN_CONSTANT_CONVERSION = YES;
				CLANG_WARN_DEPRECATED_OBJC_IMPLEMENTATIONS = YES;
				CLANG_WARN_DIRECT_OBJC_ISA_USAGE = YES_ERROR;
				CLANG_WARN_DOCUMENTATION_COMMENTS = YES;
				CLANG_WARN_EMPTY_BODY = YES;
				CLANG_WARN_ENUM_CONVERSION = YES;
				CLANG_WARN_INFINITE_RECURSION = YES;
				CLANG_WARN_INT_CONVERSION = YES;
				CLANG_WARN_NON_LITERAL_NULL_CONVERSION = YES;
				CLANG_WARN_OBJC_IMPLICIT_RETAIN_SELF = YES;
				CLANG_WARN_OBJC_LITERAL_CONVERSION = YES;
				CLANG_WARN_OBJC_ROOT_CLASS = YES_ERROR;
				CLANG_WARN_RANGE_LOOP_ANALYSIS = YES;
				CLANG_WARN_STRICT_PROTOTYPES = YES;
				CLANG_WARN_SUSPICIOUS_MOVE = YES;
				CLANG_WARN_UNGUARDED_AVAILABILITY = YES_AGGRESSIVE;
				CLANG_WARN_UNREACHABLE_CODE = YES;
				CLANG_WARN__DUPLICATE_METHOD_MATCH = YES;
				CODE_SIGN_IDENTITY = "iPhone Developer";
				COPY_PHASE_STRIP = NO;
				DEBUG_INFORMATION_FORMAT = dwarf;
				ENABLE_STRICT_OBJC_MSGSEND = YES;
				ENABLE_TESTABILITY = YES;
				GCC_C_LANGUAGE_STANDARD = gnu11;
				GCC_DYNAMIC_NO_PIC = NO;
				GCC_NO_COMMON_BLOCKS = YES;
				GCC_OPTIMIZATION_LEVEL = 0;
				GCC_PREPROCESSOR_DEFINITIONS = (
					"DEBUG=1",
					"$(inherited)",
				);
				GCC_WARN_64_TO_32_BIT_CONVERSION = YES;
				GCC_WARN_ABOUT_RETURN_TYPE = YES_ERROR;
				GCC_WARN_UNDECLARED_SELECTOR = YES;
				GCC_WARN_UNINITIALIZED_AUTOS = YES_AGGRESSIVE;
				GCC_WARN_UNUSED_FUNCTION = YES;
				GCC_WARN_UNUSED_VARIABLE = YES;
				IPHONEOS_DEPLOYMENT_TARGET = 12.1;
				MTL_ENABLE_DEBUG_INFO = INCLUDE_SOURCE;
				MTL_FAST_MATH = YES;
				ONLY_ACTIVE_ARCH = YES;
				SDKROOT = iphoneos;
				SWIFT_ACTIVE_COMPILATION_CONDITIONS = DEBUG;
				SWIFT_OPTIMIZATION_LEVEL = "-Onone";
			};
			name = Debug;
		};
		70B9ABF1218B63E0004ABE3A /* Release */ = {
			isa = XCBuildConfiguration;
			buildSettings = {
				ALWAYS_SEARCH_USER_PATHS = NO;
				CLANG_ANALYZER_NONNULL = YES;
				CLANG_ANALYZER_NUMBER_OBJECT_CONVERSION = YES_AGGRESSIVE;
				CLANG_CXX_LANGUAGE_STANDARD = "gnu++14";
				CLANG_CXX_LIBRARY = "libc++";
				CLANG_ENABLE_MODULES = YES;
				CLANG_ENABLE_OBJC_ARC = YES;
				CLANG_ENABLE_OBJC_WEAK = YES;
				CLANG_WARN_BLOCK_CAPTURE_AUTORELEASING = YES;
				CLANG_WARN_BOOL_CONVERSION = YES;
				CLANG_WARN_COMMA = YES;
				CLANG_WARN_CONSTANT_CONVERSION = YES;
				CLANG_WARN_DEPRECATED_OBJC_IMPLEMENTATIONS = YES;
				CLANG_WARN_DIRECT_OBJC_ISA_USAGE = YES_ERROR;
				CLANG_WARN_DOCUMENTATION_COMMENTS = YES;
				CLANG_WARN_EMPTY_BODY = YES;
				CLANG_WARN_ENUM_CONVERSION = YES;
				CLANG_WARN_INFINITE_RECURSION = YES;
				CLANG_WARN_INT_CONVERSION = YES;
				CLANG_WARN_NON_LITERAL_NULL_CONVERSION = YES;
				CLANG_WARN_OBJC_IMPLICIT_RETAIN_SELF = YES;
				CLANG_WARN_OBJC_LITERAL_CONVERSION = YES;
				CLANG_WARN_OBJC_ROOT_CLASS = YES_ERROR;
				CLANG_WARN_RANGE_LOOP_ANALYSIS = YES;
				CLANG_WARN_STRICT_PROTOTYPES = YES;
				CLANG_WARN_SUSPICIOUS_MOVE = YES;
				CLANG_WARN_UNGUARDED_AVAILABILITY = YES_AGGRESSIVE;
				CLANG_WARN_UNREACHABLE_CODE = YES;
				CLANG_WARN__DUPLICATE_METHOD_MATCH = YES;
				CODE_SIGN_IDENTITY = "iPhone Developer";
				COPY_PHASE_STRIP = NO;
				DEBUG_INFORMATION_FORMAT = "dwarf-with-dsym";
				ENABLE_NS_ASSERTIONS = NO;
				ENABLE_STRICT_OBJC_MSGSEND = YES;
				GCC_C_LANGUAGE_STANDARD = gnu11;
				GCC_NO_COMMON_BLOCKS = YES;
				GCC_WARN_64_TO_32_BIT_CONVERSION = YES;
				GCC_WARN_ABOUT_RETURN_TYPE = YES_ERROR;
				GCC_WARN_UNDECLARED_SELECTOR = YES;
				GCC_WARN_UNINITIALIZED_AUTOS = YES_AGGRESSIVE;
				GCC_WARN_UNUSED_FUNCTION = YES;
				GCC_WARN_UNUSED_VARIABLE = YES;
				IPHONEOS_DEPLOYMENT_TARGET = 12.1;
				MTL_ENABLE_DEBUG_INFO = NO;
				MTL_FAST_MATH = YES;
				SDKROOT = iphoneos;
				SWIFT_COMPILATION_MODE = wholemodule;
				SWIFT_OPTIMIZATION_LEVEL = "-O";
				VALIDATE_PRODUCT = YES;
			};
			name = Release;
		};
		70B9ABF3218B63E0004ABE3A /* Debug */ = {
			isa = XCBuildConfiguration;
			baseConfigurationReference = AC04796FA56F77EFD12829BB /* Pods-SwiftHeroesDemo.debug.xcconfig */;
			buildSettings = {
				ASSETCATALOG_COMPILER_APPICON_NAME = AppIcon;
				CODE_SIGN_STYLE = Automatic;
				INFOPLIST_FILE = SwiftHeroesDemo/Info.plist;
				LD_RUNPATH_SEARCH_PATHS = (
					"$(inherited)",
					"@executable_path/Frameworks",
				);
				PRODUCT_BUNDLE_IDENTIFIER = it.synesthesia.SwiftHeroesDemo;
				PRODUCT_NAME = "$(TARGET_NAME)";
				SWIFT_VERSION = 4.2;
				TARGETED_DEVICE_FAMILY = "1,2";
			};
			name = Debug;
		};
		70B9ABF4218B63E0004ABE3A /* Release */ = {
			isa = XCBuildConfiguration;
			baseConfigurationReference = E7F2D75E7D4665E801CE1114 /* Pods-SwiftHeroesDemo.release.xcconfig */;
			buildSettings = {
				ASSETCATALOG_COMPILER_APPICON_NAME = AppIcon;
				CODE_SIGN_STYLE = Automatic;
				INFOPLIST_FILE = SwiftHeroesDemo/Info.plist;
				LD_RUNPATH_SEARCH_PATHS = (
					"$(inherited)",
					"@executable_path/Frameworks",
				);
				PRODUCT_BUNDLE_IDENTIFIER = it.synesthesia.SwiftHeroesDemo;
				PRODUCT_NAME = "$(TARGET_NAME)";
				SWIFT_VERSION = 4.2;
				TARGETED_DEVICE_FAMILY = "1,2";
			};
			name = Release;
		};
/* End XCBuildConfiguration section */

/* Begin XCConfigurationList section */
		70B9ABDB218B63DE004ABE3A /* Build configuration list for PBXProject "SwiftHeroesDemo" */ = {
			isa = XCConfigurationList;
			buildConfigurations = (
				70B9ABF0218B63E0004ABE3A /* Debug */,
				70B9ABF1218B63E0004ABE3A /* Release */,
			);
			defaultConfigurationIsVisible = 0;
			defaultConfigurationName = Release;
		};
		70B9ABF2218B63E0004ABE3A /* Build configuration list for PBXNativeTarget "SwiftHeroesDemo" */ = {
			isa = XCConfigurationList;
			buildConfigurations = (
				70B9ABF3218B63E0004ABE3A /* Debug */,
				70B9ABF4218B63E0004ABE3A /* Release */,
			);
			defaultConfigurationIsVisible = 0;
			defaultConfigurationName = Release;
		};
/* End XCConfigurationList section */
	};
	rootObject = 70B9ABD8218B63DE004ABE3A /* Project object */;
}
